// !$*UTF8*$!
{
	archiveVersion = 1;
	classes = {
	};
	objectVersion = 46;
	objects = {

/* Begin PBXBuildFile section */
		56E884E11CD7325F0044FF0E /* my_tab_bar_ViewController.m in Sources */ = {isa = PBXBuildFile; fileRef = 56E884E01CD7325F0044FF0E /* my_tab_bar_ViewController.m */; };
		56EE66C61CD31B0E00561F72 /* main.m in Sources */ = {isa = PBXBuildFile; fileRef = 56EE66C51CD31B0E00561F72 /* main.m */; };
		56EE66C91CD31B0E00561F72 /* AppDelegate.m in Sources */ = {isa = PBXBuildFile; fileRef = 56EE66C81CD31B0E00561F72 /* AppDelegate.m */; };
		56EE66CC1CD31B0E00561F72 /* ViewController.m in Sources */ = {isa = PBXBuildFile; fileRef = 56EE66CB1CD31B0E00561F72 /* ViewController.m */; };
		56EE66CF1CD31B0E00561F72 /* Main.storyboard in Resources */ = {isa = PBXBuildFile; fileRef = 56EE66CD1CD31B0E00561F72 /* Main.storyboard */; };
		56EE66D11CD31B0E00561F72 /* Assets.xcassets in Resources */ = {isa = PBXBuildFile; fileRef = 56EE66D01CD31B0E00561F72 /* Assets.xcassets */; };
		56EE66D41CD31B0E00561F72 /* LaunchScreen.storyboard in Resources */ = {isa = PBXBuildFile; fileRef = 56EE66D21CD31B0E00561F72 /* LaunchScreen.storyboard */; };
		56EE66DF1CD31B0E00561F72 /* Database_ISUD_demoTests.m in Sources */ = {isa = PBXBuildFile; fileRef = 56EE66DE1CD31B0E00561F72 /* Database_ISUD_demoTests.m */; };
		56EE66EA1CD31B0F00561F72 /* Database_ISUD_demoUITests.m in Sources */ = {isa = PBXBuildFile; fileRef = 56EE66E91CD31B0F00561F72 /* Database_ISUD_demoUITests.m */; };
		56EE66F81CD31DC000561F72 /* libsqlite3.tbd in Frameworks */ = {isa = PBXBuildFile; fileRef = 56EE66F71CD31DC000561F72 /* libsqlite3.tbd */; };
		56EE66FA1CD31DF300561F72 /* libsqlite3.0.tbd in Frameworks */ = {isa = PBXBuildFile; fileRef = 56EE66F91CD31DF300561F72 /* libsqlite3.0.tbd */; };
		56EE66FC1CD31E9000561F72 /* testDB.sqlite in Resources */ = {isa = PBXBuildFile; fileRef = 56EE66FB1CD31E9000561F72 /* testDB.sqlite */; };
		56EE66FF1CD3204700561F72 /* continue_btn_gray.png in Resources */ = {isa = PBXBuildFile; fileRef = 56EE66FD1CD3204700561F72 /* continue_btn_gray.png */; };
		56EE67001CD3204700561F72 /* line.png in Resources */ = {isa = PBXBuildFile; fileRef = 56EE66FE1CD3204700561F72 /* line.png */; };
		56EE67031CD3213000561F72 /* Table_TableViewCell.m in Sources */ = {isa = PBXBuildFile; fileRef = 56EE67021CD3213000561F72 /* Table_TableViewCell.m */; };
		56EE67061CD3216D00561F72 /* My_TableViewController.m in Sources */ = {isa = PBXBuildFile; fileRef = 56EE67051CD3216D00561F72 /* My_TableViewController.m */; };
		56EE67091CD3218B00561F72 /* Navigationn_ViewController.m in Sources */ = {isa = PBXBuildFile; fileRef = 56EE67081CD3218B00561F72 /* Navigationn_ViewController.m */; };
		56EE670C1CD3225700561F72 /* Submit_ViewController.m in Sources */ = {isa = PBXBuildFile; fileRef = 56EE670B1CD3225700561F72 /* Submit_ViewController.m */; };
		56EE670F1CD327D300561F72 /* Database_class.m in Sources */ = {isa = PBXBuildFile; fileRef = 56EE670E1CD327D300561F72 /* Database_class.m */; };
/* End PBXBuildFile section */

/* Begin PBXContainerItemProxy section */
		56EE66DB1CD31B0E00561F72 /* PBXContainerItemProxy */ = {
			isa = PBXContainerItemProxy;
			containerPortal = 56EE66B91CD31B0E00561F72 /* Project object */;
			proxyType = 1;
			remoteGlobalIDString = 56EE66C01CD31B0E00561F72;
			remoteInfo = Database_ISUD_demo;
		};
		56EE66E61CD31B0F00561F72 /* PBXContainerItemProxy */ = {
			isa = PBXContainerItemProxy;
			containerPortal = 56EE66B91CD31B0E00561F72 /* Project object */;
			proxyType = 1;
			remoteGlobalIDString = 56EE66C01CD31B0E00561F72;
			remoteInfo = Database_ISUD_demo;
		};
/* End PBXContainerItemProxy section */

/* Begin PBXFileReference section */
		56E884DF1CD7325F0044FF0E /* my_tab_bar_ViewController.h */ = {isa = PBXFileReference; fileEncoding = 4; lastKnownFileType = sourcecode.c.h; path = my_tab_bar_ViewController.h; sourceTree = "<group>"; };
		56E884E01CD7325F0044FF0E /* my_tab_bar_ViewController.m */ = {isa = PBXFileReference; fileEncoding = 4; lastKnownFileType = sourcecode.c.objc; path = my_tab_bar_ViewController.m; sourceTree = "<group>"; };
		56EE66C11CD31B0E00561F72 /* Database_ISUD_demo.app */ = {isa = PBXFileReference; explicitFileType = wrapper.application; includeInIndex = 0; path = Database_ISUD_demo.app; sourceTree = BUILT_PRODUCTS_DIR; };
		56EE66C51CD31B0E00561F72 /* main.m */ = {isa = PBXFileReference; lastKnownFileType = sourcecode.c.objc; path = main.m; sourceTree = "<group>"; };
		56EE66C71CD31B0E00561F72 /* AppDelegate.h */ = {isa = PBXFileReference; lastKnownFileType = sourcecode.c.h; path = AppDelegate.h; sourceTree = "<group>"; };
		56EE66C81CD31B0E00561F72 /* AppDelegate.m */ = {isa = PBXFileReference; lastKnownFileType = sourcecode.c.objc; path = AppDelegate.m; sourceTree = "<group>"; };
		56EE66CA1CD31B0E00561F72 /* ViewController.h */ = {isa = PBXFileReference; lastKnownFileType = sourcecode.c.h; path = ViewController.h; sourceTree = "<group>"; };
		56EE66CB1CD31B0E00561F72 /* ViewController.m */ = {isa = PBXFileReference; lastKnownFileType = sourcecode.c.objc; path = ViewController.m; sourceTree = "<group>"; };
		56EE66CE1CD31B0E00561F72 /* Base */ = {isa = PBXFileReference; lastKnownFileType = file.storyboard; name = Base; path = Base.lproj/Main.storyboard; sourceTree = "<group>"; };
		56EE66D01CD31B0E00561F72 /* Assets.xcassets */ = {isa = PBXFileReference; lastKnownFileType = folder.assetcatalog; path = Assets.xcassets; sourceTree = "<group>"; };
		56EE66D31CD31B0E00561F72 /* Base */ = {isa = PBXFileReference; lastKnownFileType = file.storyboard; name = Base; path = Base.lproj/LaunchScreen.storyboard; sourceTree = "<group>"; };
		56EE66D51CD31B0E00561F72 /* Info.plist */ = {isa = PBXFileReference; lastKnownFileType = text.plist.xml; path = Info.plist; sourceTree = "<group>"; };
		56EE66DA1CD31B0E00561F72 /* Database_ISUD_demoTests.xctest */ = {isa = PBXFileReference; explicitFileType = wrapper.cfbundle; includeInIndex = 0; path = Database_ISUD_demoTests.xctest; sourceTree = BUILT_PRODUCTS_DIR; };
		56EE66DE1CD31B0E00561F72 /* Database_ISUD_demoTests.m */ = {isa = PBXFileReference; lastKnownFileType = sourcecode.c.objc; path = Database_ISUD_demoTests.m; sourceTree = "<group>"; };
		56EE66E01CD31B0E00561F72 /* Info.plist */ = {isa = PBXFileReference; lastKnownFileType = text.plist.xml; path = Info.plist; sourceTree = "<group>"; };
		56EE66E51CD31B0F00561F72 /* Database_ISUD_demoUITests.xctest */ = {isa = PBXFileReference; explicitFileType = wrapper.cfbundle; includeInIndex = 0; path = Database_ISUD_demoUITests.xctest; sourceTree = BUILT_PRODUCTS_DIR; };
		56EE66E91CD31B0F00561F72 /* Database_ISUD_demoUITests.m */ = {isa = PBXFileReference; lastKnownFileType = sourcecode.c.objc; path = Database_ISUD_demoUITests.m; sourceTree = "<group>"; };
		56EE66EB1CD31B0F00561F72 /* Info.plist */ = {isa = PBXFileReference; lastKnownFileType = text.plist.xml; path = Info.plist; sourceTree = "<group>"; };
		56EE66F71CD31DC000561F72 /* libsqlite3.tbd */ = {isa = PBXFileReference; lastKnownFileType = "sourcecode.text-based-dylib-definition"; name = libsqlite3.tbd; path = usr/lib/libsqlite3.tbd; sourceTree = SDKROOT; };
		56EE66F91CD31DF300561F72 /* libsqlite3.0.tbd */ = {isa = PBXFileReference; lastKnownFileType = "sourcecode.text-based-dylib-definition"; name = libsqlite3.0.tbd; path = usr/lib/libsqlite3.0.tbd; sourceTree = SDKROOT; };
		56EE66FB1CD31E9000561F72 /* testDB.sqlite */ = {isa = PBXFileReference; lastKnownFileType = file; name = testDB.sqlite; path = ../testDB.sqlite; sourceTree = "<group>"; };
		56EE66FD1CD3204700561F72 /* continue_btn_gray.png */ = {isa = PBXFileReference; lastKnownFileType = image.png; path = continue_btn_gray.png; sourceTree = "<group>"; };
		56EE66FE1CD3204700561F72 /* line.png */ = {isa = PBXFileReference; lastKnownFileType = image.png; path = line.png; sourceTree = "<group>"; };
		56EE67011CD3213000561F72 /* Table_TableViewCell.h */ = {isa = PBXFileReference; fileEncoding = 4; lastKnownFileType = sourcecode.c.h; name = Table_TableViewCell.h; path = ../Table_TableViewCell.h; sourceTree = "<group>"; };
		56EE67021CD3213000561F72 /* Table_TableViewCell.m */ = {isa = PBXFileReference; fileEncoding = 4; lastKnownFileType = sourcecode.c.objc; name = Table_TableViewCell.m; path = ../Table_TableViewCell.m; sourceTree = "<group>"; };
		56EE67041CD3216D00561F72 /* My_TableViewController.h */ = {isa = PBXFileReference; fileEncoding = 4; lastKnownFileType = sourcecode.c.h; name = My_TableViewController.h; path = ../My_TableViewController.h; sourceTree = "<group>"; };
		56EE67051CD3216D00561F72 /* My_TableViewController.m */ = {isa = PBXFileReference; fileEncoding = 4; lastKnownFileType = sourcecode.c.objc; name = My_TableViewController.m; path = ../My_TableViewController.m; sourceTree = "<group>"; };
		56EE67071CD3218B00561F72 /* Navigationn_ViewController.h */ = {isa = PBXFileReference; fileEncoding = 4; lastKnownFileType = sourcecode.c.h; name = Navigationn_ViewController.h; path = ../Navigationn_ViewController.h; sourceTree = "<group>"; };
		56EE67081CD3218B00561F72 /* Navigationn_ViewController.m */ = {isa = PBXFileReference; fileEncoding = 4; lastKnownFileType = sourcecode.c.objc; name = Navigationn_ViewController.m; path = ../Navigationn_ViewController.m; sourceTree = "<group>"; };
		56EE670A1CD3225700561F72 /* Submit_ViewController.h */ = {isa = PBXFileReference; fileEncoding = 4; lastKnownFileType = sourcecode.c.h; name = Submit_ViewController.h; path = ../Submit_ViewController.h; sourceTree = "<group>"; };
		56EE670B1CD3225700561F72 /* Submit_ViewController.m */ = {isa = PBXFileReference; fileEncoding = 4; lastKnownFileType = sourcecode.c.objc; name = Submit_ViewController.m; path = ../Submit_ViewController.m; sourceTree = "<group>"; };
		56EE670D1CD327D300561F72 /* Database_class.h */ = {isa = PBXFileReference; fileEncoding = 4; lastKnownFileType = sourcecode.c.h; name = Database_class.h; path = ../Database_class.h; sourceTree = "<group>"; };
		56EE670E1CD327D300561F72 /* Database_class.m */ = {isa = PBXFileReference; fileEncoding = 4; lastKnownFileType = sourcecode.c.objc; name = Database_class.m; path = ../Database_class.m; sourceTree = "<group>"; };
/* End PBXFileReference section */

/* Begin PBXFrameworksBuildPhase section */
		56EE66BE1CD31B0E00561F72 /* Frameworks */ = {
			isa = PBXFrameworksBuildPhase;
			buildActionMask = 2147483647;
			files = (
				56EE66FA1CD31DF300561F72 /* libsqlite3.0.tbd in Frameworks */,
				56EE66F81CD31DC000561F72 /* libsqlite3.tbd in Frameworks */,
			);
			runOnlyForDeploymentPostprocessing = 0;
		};
		56EE66D71CD31B0E00561F72 /* Frameworks */ = {
			isa = PBXFrameworksBuildPhase;
			buildActionMask = 2147483647;
			files = (
			);
			runOnlyForDeploymentPostprocessing = 0;
		};
		56EE66E21CD31B0F00561F72 /* Frameworks */ = {
			isa = PBXFrameworksBuildPhase;
			buildActionMask = 2147483647;
			files = (
			);
			runOnlyForDeploymentPostprocessing = 0;
		};
/* End PBXFrameworksBuildPhase section */

/* Begin PBXGroup section */
		56EE66B81CD31B0E00561F72 = {
			isa = PBXGroup;
			children = (
				56EE66F71CD31DC000561F72 /* libsqlite3.tbd */,
				56EE66F91CD31DF300561F72 /* libsqlite3.0.tbd */,
				56EE66FB1CD31E9000561F72 /* testDB.sqlite */,
				56EE66C31CD31B0E00561F72 /* Database_ISUD_demo */,
				56EE66DD1CD31B0E00561F72 /* Database_ISUD_demoTests */,
				56EE66E81CD31B0F00561F72 /* Database_ISUD_demoUITests */,
				56EE66C21CD31B0E00561F72 /* Products */,
			);
			sourceTree = "<group>";
		};
		56EE66C21CD31B0E00561F72 /* Products */ = {
			isa = PBXGroup;
			children = (
				56EE66C11CD31B0E00561F72 /* Database_ISUD_demo.app */,
				56EE66DA1CD31B0E00561F72 /* Database_ISUD_demoTests.xctest */,
				56EE66E51CD31B0F00561F72 /* Database_ISUD_demoUITests.xctest */,
			);
			name = Products;
			sourceTree = "<group>";
		};
		56EE66C31CD31B0E00561F72 /* Database_ISUD_demo */ = {
			isa = PBXGroup;
			children = (
				56EE66FD1CD3204700561F72 /* continue_btn_gray.png */,
				56EE66FE1CD3204700561F72 /* line.png */,
				56EE66C71CD31B0E00561F72 /* AppDelegate.h */,
				56EE66C81CD31B0E00561F72 /* AppDelegate.m */,
				56EE66CA1CD31B0E00561F72 /* ViewController.h */,
				56EE66CB1CD31B0E00561F72 /* ViewController.m */,
				56EE670D1CD327D300561F72 /* Database_class.h */,
				56EE670E1CD327D300561F72 /* Database_class.m */,
				56EE670A1CD3225700561F72 /* Submit_ViewController.h */,
				56EE670B1CD3225700561F72 /* Submit_ViewController.m */,
				56EE67071CD3218B00561F72 /* Navigationn_ViewController.h */,
				56EE67081CD3218B00561F72 /* Navigationn_ViewController.m */,
				56EE67041CD3216D00561F72 /* My_TableViewController.h */,
				56EE67051CD3216D00561F72 /* My_TableViewController.m */,
				56EE67011CD3213000561F72 /* Table_TableViewCell.h */,
				56EE67021CD3213000561F72 /* Table_TableViewCell.m */,
				56EE66CD1CD31B0E00561F72 /* Main.storyboard */,
				56EE66D01CD31B0E00561F72 /* Assets.xcassets */,
				56EE66D21CD31B0E00561F72 /* LaunchScreen.storyboard */,
				56EE66D51CD31B0E00561F72 /* Info.plist */,
				56EE66C41CD31B0E00561F72 /* Supporting Files */,
				56E884DF1CD7325F0044FF0E /* my_tab_bar_ViewController.h */,
				56E884E01CD7325F0044FF0E /* my_tab_bar_ViewController.m */,
			);
			path = Database_ISUD_demo;
			sourceTree = "<group>";
		};
		56EE66C41CD31B0E00561F72 /* Supporting Files */ = {
			isa = PBXGroup;
			children = (
				56EE66C51CD31B0E00561F72 /* main.m */,
			);
			name = "Supporting Files";
			sourceTree = "<group>";
		};
		56EE66DD1CD31B0E00561F72 /* Database_ISUD_demoTests */ = {
			isa = PBXGroup;
			children = (
				56EE66DE1CD31B0E00561F72 /* Database_ISUD_demoTests.m */,
				56EE66E01CD31B0E00561F72 /* Info.plist */,
			);
			path = Database_ISUD_demoTests;
			sourceTree = "<group>";
		};
		56EE66E81CD31B0F00561F72 /* Database_ISUD_demoUITests */ = {
			isa = PBXGroup;
			children = (
				56EE66E91CD31B0F00561F72 /* Database_ISUD_demoUITests.m */,
				56EE66EB1CD31B0F00561F72 /* Info.plist */,
			);
			path = Database_ISUD_demoUITests;
			sourceTree = "<group>";
		};
/* End PBXGroup section */

/* Begin PBXNativeTarget section */
		56EE66C01CD31B0E00561F72 /* Database_ISUD_demo */ = {
			isa = PBXNativeTarget;
			buildConfigurationList = 56EE66EE1CD31B0F00561F72 /* Build configuration list for PBXNativeTarget "Database_ISUD_demo" */;
			buildPhases = (
				56EE66BD1CD31B0E00561F72 /* Sources */,
				56EE66BE1CD31B0E00561F72 /* Frameworks */,
				56EE66BF1CD31B0E00561F72 /* Resources */,
			);
			buildRules = (
			);
			dependencies = (
			);
			name = Database_ISUD_demo;
			productName = Database_ISUD_demo;
			productReference = 56EE66C11CD31B0E00561F72 /* Database_ISUD_demo.app */;
			productType = "com.apple.product-type.application";
		};
		56EE66D91CD31B0E00561F72 /* Database_ISUD_demoTests */ = {
			isa = PBXNativeTarget;
			buildConfigurationList = 56EE66F11CD31B0F00561F72 /* Build configuration list for PBXNativeTarget "Database_ISUD_demoTests" */;
			buildPhases = (
				56EE66D61CD31B0E00561F72 /* Sources */,
				56EE66D71CD31B0E00561F72 /* Frameworks */,
				56EE66D81CD31B0E00561F72 /* Resources */,
			);
			buildRules = (
			);
			dependencies = (
				56EE66DC1CD31B0E00561F72 /* PBXTargetDependency */,
			);
			name = Database_ISUD_demoTests;
			productName = Database_ISUD_demoTests;
			productReference = 56EE66DA1CD31B0E00561F72 /* Database_ISUD_demoTests.xctest */;
			productType = "com.apple.product-type.bundle.unit-test";
		};
		56EE66E41CD31B0F00561F72 /* Database_ISUD_demoUITests */ = {
			isa = PBXNativeTarget;
			buildConfigurationList = 56EE66F41CD31B0F00561F72 /* Build configuration list for PBXNativeTarget "Database_ISUD_demoUITests" */;
			buildPhases = (
				56EE66E11CD31B0F00561F72 /* Sources */,
				56EE66E21CD31B0F00561F72 /* Frameworks */,
				56EE66E31CD31B0F00561F72 /* Resources */,
			);
			buildRules = (
			);
			dependencies = (
				56EE66E71CD31B0F00561F72 /* PBXTargetDependency */,
			);
			name = Database_ISUD_demoUITests;
			productName = Database_ISUD_demoUITests;
			productReference = 56EE66E51CD31B0F00561F72 /* Database_ISUD_demoUITests.xctest */;
			productType = "com.apple.product-type.bundle.ui-testing";
		};
/* End PBXNativeTarget section */

/* Begin PBXProject section */
		56EE66B91CD31B0E00561F72 /* Project object */ = {
			isa = PBXProject;
			attributes = {
				LastUpgradeCheck = 0720;
				ORGANIZATIONNAME = com.ronak.zaptech;
				TargetAttributes = {
					56EE66C01CD31B0E00561F72 = {
						CreatedOnToolsVersion = 7.2;
					};
					56EE66D91CD31B0E00561F72 = {
						CreatedOnToolsVersion = 7.2;
						TestTargetID = 56EE66C01CD31B0E00561F72;
					};
					56EE66E41CD31B0F00561F72 = {
						CreatedOnToolsVersion = 7.2;
						TestTargetID = 56EE66C01CD31B0E00561F72;
					};
				};
			};
			buildConfigurationList = 56EE66BC1CD31B0E00561F72 /* Build configuration list for PBXProject "Database_ISUD_demo" */;
			compatibilityVersion = "Xcode 3.2";
			developmentRegion = English;
			hasScannedForEncodings = 0;
			knownRegions = (
				en,
				Base,
			);
			mainGroup = 56EE66B81CD31B0E00561F72;
			productRefGroup = 56EE66C21CD31B0E00561F72 /* Products */;
			projectDirPath = "";
			projectRoot = "";
			targets = (
				56EE66C01CD31B0E00561F72 /* Database_ISUD_demo */,
				56EE66D91CD31B0E00561F72 /* Database_ISUD_demoTests */,
				56EE66E41CD31B0F00561F72 /* Database_ISUD_demoUITests */,
			);
		};
/* End PBXProject section */

/* Begin PBXResourcesBuildPhase section */
		56EE66BF1CD31B0E00561F72 /* Resources */ = {
			isa = PBXResourcesBuildPhase;
			buildActionMask = 2147483647;
			files = (
				56EE66D41CD31B0E00561F72 /* LaunchScreen.storyboard in Resources */,
				56EE66FF1CD3204700561F72 /* continue_btn_gray.png in Resources */,
				56EE66D11CD31B0E00561F72 /* Assets.xcassets in Resources */,
				56EE66CF1CD31B0E00561F72 /* Main.storyboard in Resources */,
				56EE66FC1CD31E9000561F72 /* testDB.sqlite in Resources */,
				56EE67001CD3204700561F72 /* line.png in Resources */,
			);
			runOnlyForDeploymentPostprocessing = 0;
		};
		56EE66D81CD31B0E00561F72 /* Resources */ = {
			isa = PBXResourcesBuildPhase;
			buildActionMask = 2147483647;
			files = (
			);
			runOnlyForDeploymentPostprocessing = 0;
		};
		56EE66E31CD31B0F00561F72 /* Resources */ = {
			isa = PBXResourcesBuildPhase;
			buildActionMask = 2147483647;
			files = (
			);
			runOnlyForDeploymentPostprocessing = 0;
		};
/* End PBXResourcesBuildPhase section */

/* Begin PBXSourcesBuildPhase section */
		56EE66BD1CD31B0E00561F72 /* Sources */ = {
			isa = PBXSourcesBuildPhase;
			buildActionMask = 2147483647;
			files = (
				56EE67061CD3216D00561F72 /* My_TableViewController.m in Sources */,
				56EE66CC1CD31B0E00561F72 /* ViewController.m in Sources */,
				56EE66C91CD31B0E00561F72 /* AppDelegate.m in Sources */,
				56EE67091CD3218B00561F72 /* Navigationn_ViewController.m in Sources */,
				56EE670C1CD3225700561F72 /* Submit_ViewController.m in Sources */,
				56EE670F1CD327D300561F72 /* Database_class.m in Sources */,
				56EE67031CD3213000561F72 /* Table_TableViewCell.m in Sources */,
				56E884E11CD7325F0044FF0E /* my_tab_bar_ViewController.m in Sources */,
				56EE66C61CD31B0E00561F72 /* main.m in Sources */,
			);
			runOnlyForDeploymentPostprocessing = 0;
		};
		56EE66D61CD31B0E00561F72 /* Sources */ = {
			isa = PBXSourcesBuildPhase;
			buildActionMask = 2147483647;
			files = (
				56EE66DF1CD31B0E00561F72 /* Database_ISUD_demoTests.m in Sources */,
			);
			runOnlyForDeploymentPostprocessing = 0;
		};
		56EE66E11CD31B0F00561F72 /* Sources */ = {
			isa = PBXSourcesBuildPhase;
			buildActionMask = 2147483647;
			files = (
				56EE66EA1CD31B0F00561F72 /* Database_ISUD_demoUITests.m in Sources */,
			);
			runOnlyForDeploymentPostprocessing = 0;
		};
/* End PBXSourcesBuildPhase section */

/* Begin PBXTargetDependency section */
		56EE66DC1CD31B0E00561F72 /* PBXTargetDependency */ = {
			isa = PBXTargetDependency;
			target = 56EE66C01CD31B0E00561F72 /* Database_ISUD_demo */;
			targetProxy = 56EE66DB1CD31B0E00561F72 /* PBXContainerItemProxy */;
		};
		56EE66E71CD31B0F00561F72 /* PBXTargetDependency */ = {
			isa = PBXTargetDependency;
			target = 56EE66C01CD31B0E00561F72 /* Database_ISUD_demo */;
			targetProxy = 56EE66E61CD31B0F00561F72 /* PBXContainerItemProxy */;
		};
/* End PBXTargetDependency section */

/* Begin PBXVariantGroup section */
		56EE66CD1CD31B0E00561F72 /* Main.storyboard */ = {
			isa = PBXVariantGroup;
			children = (
				56EE66CE1CD31B0E00561F72 /* Base */,
			);
			name = Main.storyboard;
			sourceTree = "<group>";
		};
		56EE66D21CD31B0E00561F72 /* LaunchScreen.storyboard */ = {
			isa = PBXVariantGroup;
			children = (
				56EE66D31CD31B0E00561F72 /* Base */,
			);
			name = LaunchScreen.storyboard;
			sourceTree = "<group>";
		};
/* End PBXVariantGroup section */

/* Begin XCBuildConfiguration section */
		56EE66EC1CD31B0F00561F72 /* Debug */ = {
			isa = XCBuildConfiguration;
			buildSettings = {
				ALWAYS_SEARCH_USER_PATHS = NO;
				CLANG_CXX_LANGUAGE_STANDARD = "gnu++0x";
				CLANG_CXX_LIBRARY = "libc++";
				CLANG_ENABLE_MODULES = YES;
				CLANG_ENABLE_OBJC_ARC = YES;
				CLANG_WARN_BOOL_CONVERSION = YES;
				CLANG_WARN_CONSTANT_CONVERSION = YES;
				CLANG_WARN_DIRECT_OBJC_ISA_USAGE = YES_ERROR;
				CLANG_WARN_EMPTY_BODY = YES;
				CLANG_WARN_ENUM_CONVERSION = YES;
				CLANG_WARN_INT_CONVERSION = YES;
				CLANG_WARN_OBJC_ROOT_CLASS = YES_ERROR;
				CLANG_WARN_UNREACHABLE_CODE = YES;
				CLANG_WARN__DUPLICATE_METHOD_MATCH = YES;
				"CODE_SIGN_IDENTITY[sdk=iphoneos*]" = "iPhone Developer";
				COPY_PHASE_STRIP = NO;
				DEBUG_INFORMATION_FORMAT = dwarf;
				ENABLE_STRICT_OBJC_MSGSEND = YES;
				ENABLE_TESTABILITY = YES;
				GCC_C_LANGUAGE_STANDARD = gnu99;
				GCC_DYNAMIC_NO_PIC = NO;
				GCC_NO_COMMON_BLOCKS = YES;
				GCC_OPTIMIZATION_LEVEL = 0;
				GCC_PREPROCESSOR_DEFINITIONS = (
					"DEBUG=1",
					"$(inherited)",
				);
				GCC_WARN_64_TO_32_BIT_CONVERSION = YES;
				GCC_WARN_ABOUT_RETURN_TYPE = YES_ERROR;
				GCC_WARN_UNDECLARED_SELECTOR = YES;
				GCC_WARN_UNINITIALIZED_AUTOS = YES_AGGRESSIVE;
				GCC_WARN_UNUSED_FUNCTION = YES;
				GCC_WARN_UNUSED_VARIABLE = YES;
				IPHONEOS_DEPLOYMENT_TARGET = 9.2;
				MTL_ENABLE_DEBUG_INFO = YES;
				ONLY_ACTIVE_ARCH = YES;
				SDKROOT = iphoneos;
				TARGETED_DEVICE_FAMILY = "1,2";
			};
			name = Debug;
		};
		56EE66ED1CD31B0F00561F72 /* Release */ = {
			isa = XCBuildConfiguration;
			buildSettings = {
				ALWAYS_SEARCH_USER_PATHS = NO;
				CLANG_CXX_LANGUAGE_STANDARD = "gnu++0x";
				CLANG_CXX_LIBRARY = "libc++";
				CLANG_ENABLE_MODULES = YES;
				CLANG_ENABLE_OBJC_ARC = YES;
				CLANG_WARN_BOOL_CONVERSION = YES;
				CLANG_WARN_CONSTANT_CONVERSION = YES;
				CLANG_WARN_DIRECT_OBJC_ISA_USAGE = YES_ERROR;
				CLANG_WARN_EMPTY_BODY = YES;
				CLANG_WARN_ENUM_CONVERSION = YES;
				CLANG_WARN_INT_CONVERSION = YES;
				CLANG_WARN_OBJC_ROOT_CLASS = YES_ERROR;
				CLANG_WARN_UNREACHABLE_CODE = YES;
				CLANG_WARN__DUPLICATE_METHOD_MATCH = YES;
				"CODE_SIGN_IDENTITY[sdk=iphoneos*]" = "iPhone Developer";
				COPY_PHASE_STRIP = NO;
				DEBUG_INFORMATION_FORMAT = "dwarf-with-dsym";
				ENABLE_NS_ASSERTIONS = NO;
				ENABLE_STRICT_OBJC_MSGSEND = YES;
				GCC_C_LANGUAGE_STANDARD = gnu99;
				GCC_NO_COMMON_BLOCKS = YES;
				GCC_WARN_64_TO_32_BIT_CONVERSION = YES;
				GCC_WARN_ABOUT_RETURN_TYPE = YES_ERROR;
				GCC_WARN_UNDECLARED_SELECTOR = YES;
				GCC_WARN_UNINITIALIZED_AUTOS = YES_AGGRESSIVE;
				GCC_WARN_UNUSED_FUNCTION = YES;
				GCC_WARN_UNUSED_VARIABLE = YES;
				IPHONEOS_DEPLOYMENT_TARGET = 9.2;
				MTL_ENABLE_DEBUG_INFO = NO;
				SDKROOT = iphoneos;
				TARGETED_DEVICE_FAMILY = "1,2";
				VALIDATE_PRODUCT = YES;
			};
			name = Release;
		};
		56EE66EF1CD31B0F00561F72 /* Debug */ = {
			isa = XCBuildConfiguration;
			buildSettings = {
				ASSETCATALOG_COMPILER_APPICON_NAME = AppIcon;
				INFOPLIST_FILE = Database_ISUD_demo/Info.plist;
				IPHONEOS_DEPLOYMENT_TARGET = 9.2;
				LD_RUNPATH_SEARCH_PATHS = "$(inherited) @executable_path/Frameworks";
				PRODUCT_BUNDLE_IDENTIFIER = "com.ronak.zaptech.Database-ISUD-demo";
				PRODUCT_NAME = "$(TARGET_NAME)";
			};
			name = Debug;
		};
		56EE66F01CD31B0F00561F72 /* Release */ = {
			isa = XCBuildConfiguration;
			buildSettings = {
				ASSETCATALOG_COMPILER_APPICON_NAME = AppIcon;
				INFOPLIST_FILE = Database_ISUD_demo/Info.plist;
				IPHONEOS_DEPLOYMENT_TARGET = 9.2;
				LD_RUNPATH_SEARCH_PATHS = "$(inherited) @executable_path/Frameworks";
				PRODUCT_BUNDLE_IDENTIFIER = "com.ronak.zaptech.Database-ISUD-demo";
				PRODUCT_NAME = "$(TARGET_NAME)";
			};
			name = Release;
		};
		56EE66F21CD31B0F00561F72 /* Debug */ = {
			isa = XCBuildConfiguration;
			buildSettings = {
				BUNDLE_LOADER = "$(TEST_HOST)";
				INFOPLIST_FILE = Database_ISUD_demoTests/Info.plist;
				LD_RUNPATH_SEARCH_PATHS = "$(inherited) @executable_path/Frameworks @loader_path/Frameworks";
				PRODUCT_BUNDLE_IDENTIFIER = "com.ronak.zaptech.Database-ISUD-demoTests";
				PRODUCT_NAME = "$(TARGET_NAME)";
				TEST_HOST = "$(BUILT_PRODUCTS_DIR)/Database_ISUD_demo.app/Database_ISUD_demo";
			};
			name = Debug;
		};
		56EE66F31CD31B0F00561F72 /* Release */ = {
			isa = XCBuildConfiguration;
			buildSettings = {
				BUNDLE_LOADER = "$(TEST_HOST)";
				INFOPLIST_FILE = Database_ISUD_demoTests/Info.plist;
				LD_RUNPATH_SEARCH_PATHS = "$(inherited) @executable_path/Frameworks @loader_path/Frameworks";
				PRODUCT_BUNDLE_IDENTIFIER = "com.ronak.zaptech.Database-ISUD-demoTests";
				PRODUCT_NAME = "$(TARGET_NAME)";
				TEST_HOST = "$(BUILT_PRODUCTS_DIR)/Database_ISUD_demo.app/Database_ISUD_demo";
			};
			name = Release;
		};
		56EE66F51CD31B0F00561F72 /* Debug */ = {
			isa = XCBuildConfiguration;
			buildSettings = {
				INFOPLIST_FILE = Database_ISUD_demoUITests/Info.plist;
				LD_RUNPATH_SEARCH_PATHS = "$(inherited) @executable_path/Frameworks @loader_path/Frameworks";
				PRODUCT_BUNDLE_IDENTIFIER = "com.ronak.zaptech.Database-ISUD-demoUITests";
				PRODUCT_NAME = "$(TARGET_NAME)";
				TEST_TARGET_NAME = Database_ISUD_demo;
				USES_XCTRUNNER = YES;
			};
			name = Debug;
		};
		56EE66F61CD31B0F00561F72 /* Release */ = {
			isa = XCBuildConfiguration;
			buildSettings = {
				INFOPLIST_FILE = Database_ISUD_demoUITests/Info.plist;
				LD_RUNPATH_SEARCH_PATHS = "$(inherited) @executable_path/Frameworks @loader_path/Frameworks";
				PRODUCT_BUNDLE_IDENTIFIER = "com.ronak.zaptech.Database-ISUD-demoUITests";
				PRODUCT_NAME = "$(TARGET_NAME)";
				TEST_TARGET_NAME = Database_ISUD_demo;
				USES_XCTRUNNER = YES;
			};
			name = Release;
		};
/* End XCBuildConfiguration section */

/* Begin XCConfigurationList section */
		56EE66BC1CD31B0E00561F72 /* Build configuration list for PBXProject "Database_ISUD_demo" */ = {
			isa = XCConfigurationList;
			buildConfigurations = (
				56EE66EC1CD31B0F00561F72 /* Debug */,
				56EE66ED1CD31B0F00561F72 /* Release */,
			);
			defaultConfigurationIsVisible = 0;
			defaultConfigurationName = Release;
		};
		56EE66EE1CD31B0F00561F72 /* Build configuration list for PBXNativeTarget "Database_ISUD_demo" */ = {
			isa = XCConfigurationList;
			buildConfigurations = (
				56EE66EF1CD31B0F00561F72 /* Debug */,
				56EE66F01CD31B0F00561F72 /* Release */,
			);
			defaultConfigurationIsVisible = 0;
			defaultConfigurationName = Release;
		};
		56EE66F11CD31B0F00561F72 /* Build configuration list for PBXNativeTarget "Database_ISUD_demoTests" */ = {
			isa = XCConfigurationList;
			buildConfigurations = (
				56EE66F21CD31B0F00561F72 /* Debug */,
				56EE66F31CD31B0F00561F72 /* Release */,
			);
			defaultConfigurationIsVisible = 0;
			defaultConfigurationName = Release;
		};
		56EE66F41CD31B0F00561F72 /* Build configuration list for PBXNativeTarget "Database_ISUD_demoUITests" */ = {
			isa = XCConfigurationList;
			buildConfigurations = (
				56EE66F51CD31B0F00561F72 /* Debug */,
				56EE66F61CD31B0F00561F72 /* Release */,
			);
			defaultConfigurationIsVisible = 0;
			defaultConfigurationName = Release;
		};
/* End XCConfigurationList section */
	};
	rootObject = 56EE66B91CD31B0E00561F72 /* Project object */;
}
